// !$*UTF8*$!
{
	archiveVersion = 1;
	classes = {
	};
	objectVersion = 56;
	objects = {

/* Begin PBXBuildFile section */
		512E1620291F10AB008094A9 /* WheresMoApp.swift in Sources */ = {isa = PBXBuildFile; fileRef = 512E161F291F10AB008094A9 /* WheresMoApp.swift */; };
		512E1622291F10AB008094A9 /* MapView.swift in Sources */ = {isa = PBXBuildFile; fileRef = 512E1621291F10AB008094A9 /* MapView.swift */; };
		512E1624291F10AC008094A9 /* Assets.xcassets in Resources */ = {isa = PBXBuildFile; fileRef = 512E1623291F10AC008094A9 /* Assets.xcassets */; };
		512E1628291F10AC008094A9 /* Preview Assets.xcassets in Resources */ = {isa = PBXBuildFile; fileRef = 512E1627291F10AC008094A9 /* Preview Assets.xcassets */; };
		512E162F2920173F008094A9 /* FeedViewModel.swift in Sources */ = {isa = PBXBuildFile; fileRef = 512E162E2920173F008094A9 /* FeedViewModel.swift */; };
		512E163129201AA3008094A9 /* Location.swift in Sources */ = {isa = PBXBuildFile; fileRef = 512E163029201AA3008094A9 /* Location.swift */; };
		512E1633292026F8008094A9 /* LocationMarkerView.swift in Sources */ = {isa = PBXBuildFile; fileRef = 512E1632292026F7008094A9 /* LocationMarkerView.swift */; };
		512E1637292040E8008094A9 /* LocationEditView.swift in Sources */ = {isa = PBXBuildFile; fileRef = 512E1636292040E8008094A9 /* LocationEditView.swift */; };
		512E163929205A54008094A9 /* FileManager-DocumentsDirectory.swift in Sources */ = {isa = PBXBuildFile; fileRef = 512E163829205A54008094A9 /* FileManager-DocumentsDirectory.swift */; };
		512E16432921EB08008094A9 /* LocationDetailView.swift in Sources */ = {isa = PBXBuildFile; fileRef = 512E16422921EB08008094A9 /* LocationDetailView.swift */; };
		512E16472922CAD9008094A9 /* LoginView.swift in Sources */ = {isa = PBXBuildFile; fileRef = 512E16462922CAD9008094A9 /* LoginView.swift */; };
		512E164A2922D534008094A9 /* FirebaseAuth in Frameworks */ = {isa = PBXBuildFile; productRef = 512E16492922D534008094A9 /* FirebaseAuth */; };
		512E164C2922D534008094A9 /* FirebaseFirestore in Frameworks */ = {isa = PBXBuildFile; productRef = 512E164B2922D534008094A9 /* FirebaseFirestore */; };
		512E164E2922D5D0008094A9 /* GoogleService-Info.plist in Resources */ = {isa = PBXBuildFile; fileRef = 512E164D2922D5CF008094A9 /* GoogleService-Info.plist */; };
		512E16512922D6D7008094A9 /* FirebaseAnalytics in Frameworks */ = {isa = PBXBuildFile; productRef = 512E16502922D6D7008094A9 /* FirebaseAnalytics */; };
		512E16532922E558008094A9 /* CreateNewAccountView.swift in Sources */ = {isa = PBXBuildFile; fileRef = 512E16522922E558008094A9 /* CreateNewAccountView.swift */; };
		512E165529243BCB008094A9 /* LoginViewModel.swift in Sources */ = {isa = PBXBuildFile; fileRef = 512E165429243BCB008094A9 /* LoginViewModel.swift */; };
		512F7C382935AAF600DD0188 /* MainView.swift in Sources */ = {isa = PBXBuildFile; fileRef = 512F7C372935AAF600DD0188 /* MainView.swift */; };
		512F7C3A2935B04D00DD0188 /* ProfileView.swift in Sources */ = {isa = PBXBuildFile; fileRef = 512F7C392935B04D00DD0188 /* ProfileView.swift */; };
		513A4288293835090060BE74 /* FeedView.swift in Sources */ = {isa = PBXBuildFile; fileRef = 513A4287293835090060BE74 /* FeedView.swift */; };
		513A428C29392CEA0060BE74 /* FeedPostView.swift in Sources */ = {isa = PBXBuildFile; fileRef = 513A428B29392CEA0060BE74 /* FeedPostView.swift */; };
		51633C0829425A96005B23C4 /* Kingfisher in Frameworks */ = {isa = PBXBuildFile; productRef = 51633C0729425A96005B23C4 /* Kingfisher */; };
		51633C0C29428FF2005B23C4 /* ProfilePhoto.swift in Sources */ = {isa = PBXBuildFile; fileRef = 51633C0B29428FF2005B23C4 /* ProfilePhoto.swift */; };
		51633C0E2943CF4E005B23C4 /* ProfileViewModel.swift in Sources */ = {isa = PBXBuildFile; fileRef = 51633C0D2943CF4E005B23C4 /* ProfileViewModel.swift */; };
		51633C1029464455005B23C4 /* LocationViewModel.swift in Sources */ = {isa = PBXBuildFile; fileRef = 51633C0F29464455005B23C4 /* LocationViewModel.swift */; };
		51633C1229465F6B005B23C4 /* LocationPhotoViewModel.swift in Sources */ = {isa = PBXBuildFile; fileRef = 51633C1129465F6B005B23C4 /* LocationPhotoViewModel.swift */; };
		51633C14294794E4005B23C4 /* ProfilePhotoViewModel.swift in Sources */ = {isa = PBXBuildFile; fileRef = 51633C13294794E4005B23C4 /* ProfilePhotoViewModel.swift */; };
		51633C162947A3D3005B23C4 /* CustomPhotoPickerView.swift in Sources */ = {isa = PBXBuildFile; fileRef = 51633C152947A3D3005B23C4 /* CustomPhotoPickerView.swift */; };
		51633C182948263D005B23C4 /* SettingsView.swift in Sources */ = {isa = PBXBuildFile; fileRef = 51633C172948263D005B23C4 /* SettingsView.swift */; };
		51633C1A29496EEB005B23C4 /* MapViewModel.swift in Sources */ = {isa = PBXBuildFile; fileRef = 51633C1929496EEB005B23C4 /* MapViewModel.swift */; };
		51EFEC9B2924510900A83A30 /* User.swift in Sources */ = {isa = PBXBuildFile; fileRef = 51EFEC9A2924510900A83A30 /* User.swift */; };
		51EFEC9F292C689C00A83A30 /* LocationPhoto.swift in Sources */ = {isa = PBXBuildFile; fileRef = 51EFEC9E292C689C00A83A30 /* LocationPhoto.swift */; };
		51EFECA1292C6FD800A83A30 /* FirebaseStorage in Frameworks */ = {isa = PBXBuildFile; productRef = 51EFECA0292C6FD800A83A30 /* FirebaseStorage */; };
/* End PBXBuildFile section */

/* Begin PBXFileReference section */
		512E161C291F10AB008094A9 /* WheresMo.app */ = {isa = PBXFileReference; explicitFileType = wrapper.application; includeInIndex = 0; path = WheresMo.app; sourceTree = BUILT_PRODUCTS_DIR; };
		512E161F291F10AB008094A9 /* WheresMoApp.swift */ = {isa = PBXFileReference; lastKnownFileType = sourcecode.swift; path = WheresMoApp.swift; sourceTree = "<group>"; };
		512E1621291F10AB008094A9 /* MapView.swift */ = {isa = PBXFileReference; lastKnownFileType = sourcecode.swift; path = MapView.swift; sourceTree = "<group>"; };
		512E1623291F10AC008094A9 /* Assets.xcassets */ = {isa = PBXFileReference; lastKnownFileType = folder.assetcatalog; path = Assets.xcassets; sourceTree = "<group>"; };
		512E1625291F10AC008094A9 /* WheresMo.entitlements */ = {isa = PBXFileReference; lastKnownFileType = text.plist.entitlements; path = WheresMo.entitlements; sourceTree = "<group>"; };
		512E1627291F10AC008094A9 /* Preview Assets.xcassets */ = {isa = PBXFileReference; lastKnownFileType = folder.assetcatalog; path = "Preview Assets.xcassets"; sourceTree = "<group>"; };
		512E162E2920173F008094A9 /* FeedViewModel.swift */ = {isa = PBXFileReference; lastKnownFileType = sourcecode.swift; path = FeedViewModel.swift; sourceTree = "<group>"; };
		512E163029201AA3008094A9 /* Location.swift */ = {isa = PBXFileReference; lastKnownFileType = sourcecode.swift; path = Location.swift; sourceTree = "<group>"; };
		512E1632292026F7008094A9 /* LocationMarkerView.swift */ = {isa = PBXFileReference; lastKnownFileType = sourcecode.swift; path = LocationMarkerView.swift; sourceTree = "<group>"; };
		512E1636292040E8008094A9 /* LocationEditView.swift */ = {isa = PBXFileReference; lastKnownFileType = sourcecode.swift; path = LocationEditView.swift; sourceTree = "<group>"; };
		512E163829205A54008094A9 /* FileManager-DocumentsDirectory.swift */ = {isa = PBXFileReference; lastKnownFileType = sourcecode.swift; path = "FileManager-DocumentsDirectory.swift"; sourceTree = "<group>"; };
		512E16422921EB08008094A9 /* LocationDetailView.swift */ = {isa = PBXFileReference; lastKnownFileType = sourcecode.swift; path = LocationDetailView.swift; sourceTree = "<group>"; };
		512E16462922CAD9008094A9 /* LoginView.swift */ = {isa = PBXFileReference; lastKnownFileType = sourcecode.swift; path = LoginView.swift; sourceTree = "<group>"; };
		512E164D2922D5CF008094A9 /* GoogleService-Info.plist */ = {isa = PBXFileReference; fileEncoding = 4; lastKnownFileType = text.plist.xml; path = "GoogleService-Info.plist"; sourceTree = "<group>"; };
		512E16522922E558008094A9 /* CreateNewAccountView.swift */ = {isa = PBXFileReference; lastKnownFileType = sourcecode.swift; path = CreateNewAccountView.swift; sourceTree = "<group>"; };
		512E165429243BCB008094A9 /* LoginViewModel.swift */ = {isa = PBXFileReference; lastKnownFileType = sourcecode.swift; path = LoginViewModel.swift; sourceTree = "<group>"; };
		512F7C372935AAF600DD0188 /* MainView.swift */ = {isa = PBXFileReference; lastKnownFileType = sourcecode.swift; path = MainView.swift; sourceTree = "<group>"; };
		512F7C392935B04D00DD0188 /* ProfileView.swift */ = {isa = PBXFileReference; lastKnownFileType = sourcecode.swift; path = ProfileView.swift; sourceTree = "<group>"; };
		513A4287293835090060BE74 /* FeedView.swift */ = {isa = PBXFileReference; lastKnownFileType = sourcecode.swift; path = FeedView.swift; sourceTree = "<group>"; };
		513A428B29392CEA0060BE74 /* FeedPostView.swift */ = {isa = PBXFileReference; lastKnownFileType = sourcecode.swift; path = FeedPostView.swift; sourceTree = "<group>"; };
		51633C0B29428FF2005B23C4 /* ProfilePhoto.swift */ = {isa = PBXFileReference; lastKnownFileType = sourcecode.swift; path = ProfilePhoto.swift; sourceTree = "<group>"; };
		51633C0D2943CF4E005B23C4 /* ProfileViewModel.swift */ = {isa = PBXFileReference; lastKnownFileType = sourcecode.swift; path = ProfileViewModel.swift; sourceTree = "<group>"; };
		51633C0F29464455005B23C4 /* LocationViewModel.swift */ = {isa = PBXFileReference; lastKnownFileType = sourcecode.swift; path = LocationViewModel.swift; sourceTree = "<group>"; };
		51633C1129465F6B005B23C4 /* LocationPhotoViewModel.swift */ = {isa = PBXFileReference; lastKnownFileType = sourcecode.swift; path = LocationPhotoViewModel.swift; sourceTree = "<group>"; };
		51633C13294794E4005B23C4 /* ProfilePhotoViewModel.swift */ = {isa = PBXFileReference; lastKnownFileType = sourcecode.swift; path = ProfilePhotoViewModel.swift; sourceTree = "<group>"; };
		51633C152947A3D3005B23C4 /* CustomPhotoPickerView.swift */ = {isa = PBXFileReference; lastKnownFileType = sourcecode.swift; path = CustomPhotoPickerView.swift; sourceTree = "<group>"; };
		51633C172948263D005B23C4 /* SettingsView.swift */ = {isa = PBXFileReference; lastKnownFileType = sourcecode.swift; path = SettingsView.swift; sourceTree = "<group>"; };
		51633C1929496EEB005B23C4 /* MapViewModel.swift */ = {isa = PBXFileReference; lastKnownFileType = sourcecode.swift; path = MapViewModel.swift; sourceTree = "<group>"; };
		51633C1B294D164B005B23C4 /* Info.plist */ = {isa = PBXFileReference; lastKnownFileType = text.plist; path = Info.plist; sourceTree = "<group>"; };
		51EFEC9A2924510900A83A30 /* User.swift */ = {isa = PBXFileReference; lastKnownFileType = sourcecode.swift; path = User.swift; sourceTree = "<group>"; };
		51EFEC9E292C689C00A83A30 /* LocationPhoto.swift */ = {isa = PBXFileReference; lastKnownFileType = sourcecode.swift; path = LocationPhoto.swift; sourceTree = "<group>"; };
/* End PBXFileReference section */

/* Begin PBXFrameworksBuildPhase section */
		512E1619291F10AB008094A9 /* Frameworks */ = {
			isa = PBXFrameworksBuildPhase;
			buildActionMask = 2147483647;
			files = (
				512E164A2922D534008094A9 /* FirebaseAuth in Frameworks */,
				51EFECA1292C6FD800A83A30 /* FirebaseStorage in Frameworks */,
				512E164C2922D534008094A9 /* FirebaseFirestore in Frameworks */,
				512E16512922D6D7008094A9 /* FirebaseAnalytics in Frameworks */,
				51633C0829425A96005B23C4 /* Kingfisher in Frameworks */,
			);
			runOnlyForDeploymentPostprocessing = 0;
		};
/* End PBXFrameworksBuildPhase section */

/* Begin PBXGroup section */
		512E1613291F10AB008094A9 = {
			isa = PBXGroup;
			children = (
				512E161E291F10AB008094A9 /* WheresMo */,
				512E161D291F10AB008094A9 /* Products */,
				512E164F2922D6D7008094A9 /* Frameworks */,
			);
			sourceTree = "<group>";
		};
		512E161D291F10AB008094A9 /* Products */ = {
			isa = PBXGroup;
			children = (
				512E161C291F10AB008094A9 /* WheresMo.app */,
			);
			name = Products;
			sourceTree = "<group>";
		};
		512E161E291F10AB008094A9 /* WheresMo */ = {
			isa = PBXGroup;
			children = (
				51633C1B294D164B005B23C4 /* Info.plist */,
				512E161F291F10AB008094A9 /* WheresMoApp.swift */,
				512F7C372935AAF600DD0188 /* MainView.swift */,
				513A4287293835090060BE74 /* FeedView.swift */,
				513A428B29392CEA0060BE74 /* FeedPostView.swift */,
				51EFEC9E292C689C00A83A30 /* LocationPhoto.swift */,
				51633C1129465F6B005B23C4 /* LocationPhotoViewModel.swift */,
				51633C0B29428FF2005B23C4 /* ProfilePhoto.swift */,
				51633C13294794E4005B23C4 /* ProfilePhotoViewModel.swift */,
				512E163829205A54008094A9 /* FileManager-DocumentsDirectory.swift */,
				512E16462922CAD9008094A9 /* LoginView.swift */,
				512E165429243BCB008094A9 /* LoginViewModel.swift */,
				512E16522922E558008094A9 /* CreateNewAccountView.swift */,
				512E1621291F10AB008094A9 /* MapView.swift */,
				512F7C392935B04D00DD0188 /* ProfileView.swift */,
				51633C172948263D005B23C4 /* SettingsView.swift */,
				51633C0D2943CF4E005B23C4 /* ProfileViewModel.swift */,
				512E1632292026F7008094A9 /* LocationMarkerView.swift */,
				512E162E2920173F008094A9 /* FeedViewModel.swift */,
				51633C1929496EEB005B23C4 /* MapViewModel.swift */,
				512E16422921EB08008094A9 /* LocationDetailView.swift */,
				512E1636292040E8008094A9 /* LocationEditView.swift */,
				51633C0F29464455005B23C4 /* LocationViewModel.swift */,
				51633C152947A3D3005B23C4 /* CustomPhotoPickerView.swift */,
				512E163029201AA3008094A9 /* Location.swift */,
				51EFEC9A2924510900A83A30 /* User.swift */,
				512E1623291F10AC008094A9 /* Assets.xcassets */,
				512E1625291F10AC008094A9 /* WheresMo.entitlements */,
				512E164D2922D5CF008094A9 /* GoogleService-Info.plist */,
				512E1626291F10AC008094A9 /* Preview Content */,
			);
			path = WheresMo;
			sourceTree = "<group>";
		};
		512E1626291F10AC008094A9 /* Preview Content */ = {
			isa = PBXGroup;
			children = (
				512E1627291F10AC008094A9 /* Preview Assets.xcassets */,
			);
			path = "Preview Content";
			sourceTree = "<group>";
		};
		512E164F2922D6D7008094A9 /* Frameworks */ = {
			isa = PBXGroup;
			children = (
			);
			name = Frameworks;
			sourceTree = "<group>";
		};
/* End PBXGroup section */

/* Begin PBXNativeTarget section */
		512E161B291F10AB008094A9 /* WheresMo */ = {
			isa = PBXNativeTarget;
			buildConfigurationList = 512E162B291F10AC008094A9 /* Build configuration list for PBXNativeTarget "WheresMo" */;
			buildPhases = (
				512E1618291F10AB008094A9 /* Sources */,
				512E1619291F10AB008094A9 /* Frameworks */,
				512E161A291F10AB008094A9 /* Resources */,
			);
			buildRules = (
			);
			dependencies = (
			);
			name = WheresMo;
			packageProductDependencies = (
				512E16492922D534008094A9 /* FirebaseAuth */,
				512E164B2922D534008094A9 /* FirebaseFirestore */,
				512E16502922D6D7008094A9 /* FirebaseAnalytics */,
				51EFECA0292C6FD800A83A30 /* FirebaseStorage */,
				51633C0729425A96005B23C4 /* Kingfisher */,
			);
			productName = WheresMo;
			productReference = 512E161C291F10AB008094A9 /* WheresMo.app */;
			productType = "com.apple.product-type.application";
		};
/* End PBXNativeTarget section */

/* Begin PBXProject section */
		512E1614291F10AB008094A9 /* Project object */ = {
			isa = PBXProject;
			attributes = {
				BuildIndependentTargetsInParallel = 1;
				LastSwiftUpdateCheck = 1410;
				LastUpgradeCheck = 1410;
				TargetAttributes = {
					512E161B291F10AB008094A9 = {
						CreatedOnToolsVersion = 14.1;
					};
				};
			};
			buildConfigurationList = 512E1617291F10AB008094A9 /* Build configuration list for PBXProject "WheresMo" */;
			compatibilityVersion = "Xcode 14.0";
			developmentRegion = en;
			hasScannedForEncodings = 0;
			knownRegions = (
				en,
				Base,
			);
			mainGroup = 512E1613291F10AB008094A9;
			packageReferences = (
				512E16482922D534008094A9 /* XCRemoteSwiftPackageReference "firebase-ios-sdk" */,
				51633C0629425A96005B23C4 /* XCRemoteSwiftPackageReference "Kingfisher" */,
			);
			productRefGroup = 512E161D291F10AB008094A9 /* Products */;
			projectDirPath = "";
			projectRoot = "";
			targets = (
				512E161B291F10AB008094A9 /* WheresMo */,
			);
		};
/* End PBXProject section */

/* Begin PBXResourcesBuildPhase section */
		512E161A291F10AB008094A9 /* Resources */ = {
			isa = PBXResourcesBuildPhase;
			buildActionMask = 2147483647;
			files = (
				512E1628291F10AC008094A9 /* Preview Assets.xcassets in Resources */,
				512E1624291F10AC008094A9 /* Assets.xcassets in Resources */,
				512E164E2922D5D0008094A9 /* GoogleService-Info.plist in Resources */,
			);
			runOnlyForDeploymentPostprocessing = 0;
		};
/* End PBXResourcesBuildPhase section */

/* Begin PBXSourcesBuildPhase section */
		512E1618291F10AB008094A9 /* Sources */ = {
			isa = PBXSourcesBuildPhase;
			buildActionMask = 2147483647;
			files = (
				51EFEC9B2924510900A83A30 /* User.swift in Sources */,
				513A428C29392CEA0060BE74 /* FeedPostView.swift in Sources */,
				512E1622291F10AB008094A9 /* MapView.swift in Sources */,
				512E165529243BCB008094A9 /* LoginViewModel.swift in Sources */,
				512F7C3A2935B04D00DD0188 /* ProfileView.swift in Sources */,
				51633C162947A3D3005B23C4 /* CustomPhotoPickerView.swift in Sources */,
				51633C1029464455005B23C4 /* LocationViewModel.swift in Sources */,
				512E162F2920173F008094A9 /* FeedViewModel.swift in Sources */,
				51633C0E2943CF4E005B23C4 /* ProfileViewModel.swift in Sources */,
				51EFEC9F292C689C00A83A30 /* LocationPhoto.swift in Sources */,
				512E16432921EB08008094A9 /* LocationDetailView.swift in Sources */,
				513A4288293835090060BE74 /* FeedView.swift in Sources */,
				512E1637292040E8008094A9 /* LocationEditView.swift in Sources */,
				512E163129201AA3008094A9 /* Location.swift in Sources */,
				512E16532922E558008094A9 /* CreateNewAccountView.swift in Sources */,
				51633C182948263D005B23C4 /* SettingsView.swift in Sources */,
				512F7C382935AAF600DD0188 /* MainView.swift in Sources */,
				51633C1A29496EEB005B23C4 /* MapViewModel.swift in Sources */,
				51633C1229465F6B005B23C4 /* LocationPhotoViewModel.swift in Sources */,
				51633C0C29428FF2005B23C4 /* ProfilePhoto.swift in Sources */,
				512E1620291F10AB008094A9 /* WheresMoApp.swift in Sources */,
				512E163929205A54008094A9 /* FileManager-DocumentsDirectory.swift in Sources */,
				51633C14294794E4005B23C4 /* ProfilePhotoViewModel.swift in Sources */,
				512E16472922CAD9008094A9 /* LoginView.swift in Sources */,
				512E1633292026F8008094A9 /* LocationMarkerView.swift in Sources */,
			);
			runOnlyForDeploymentPostprocessing = 0;
		};
/* End PBXSourcesBuildPhase section */

/* Begin XCBuildConfiguration section */
		512E1629291F10AC008094A9 /* Debug */ = {
			isa = XCBuildConfiguration;
			buildSettings = {
				ALWAYS_SEARCH_USER_PATHS = NO;
				CLANG_ANALYZER_NONNULL = YES;
				CLANG_ANALYZER_NUMBER_OBJECT_CONVERSION = YES_AGGRESSIVE;
				CLANG_CXX_LANGUAGE_STANDARD = "gnu++20";
				CLANG_ENABLE_MODULES = YES;
				CLANG_ENABLE_OBJC_ARC = YES;
				CLANG_ENABLE_OBJC_WEAK = YES;
				CLANG_WARN_BLOCK_CAPTURE_AUTORELEASING = YES;
				CLANG_WARN_BOOL_CONVERSION = YES;
				CLANG_WARN_COMMA = YES;
				CLANG_WARN_CONSTANT_CONVERSION = YES;
				CLANG_WARN_DEPRECATED_OBJC_IMPLEMENTATIONS = YES;
				CLANG_WARN_DIRECT_OBJC_ISA_USAGE = YES_ERROR;
				CLANG_WARN_DOCUMENTATION_COMMENTS = YES;
				CLANG_WARN_EMPTY_BODY = YES;
				CLANG_WARN_ENUM_CONVERSION = YES;
				CLANG_WARN_INFINITE_RECURSION = YES;
				CLANG_WARN_INT_CONVERSION = YES;
				CLANG_WARN_NON_LITERAL_NULL_CONVERSION = YES;
				CLANG_WARN_OBJC_IMPLICIT_RETAIN_SELF = YES;
				CLANG_WARN_OBJC_LITERAL_CONVERSION = YES;
				CLANG_WARN_OBJC_ROOT_CLASS = YES_ERROR;
				CLANG_WARN_QUOTED_INCLUDE_IN_FRAMEWORK_HEADER = YES;
				CLANG_WARN_RANGE_LOOP_ANALYSIS = YES;
				CLANG_WARN_STRICT_PROTOTYPES = YES;
				CLANG_WARN_SUSPICIOUS_MOVE = YES;
				CLANG_WARN_UNGUARDED_AVAILABILITY = YES_AGGRESSIVE;
				CLANG_WARN_UNREACHABLE_CODE = YES;
				CLANG_WARN__DUPLICATE_METHOD_MATCH = YES;
				COPY_PHASE_STRIP = NO;
				DEBUG_INFORMATION_FORMAT = dwarf;
				ENABLE_STRICT_OBJC_MSGSEND = YES;
				ENABLE_TESTABILITY = YES;
				GCC_C_LANGUAGE_STANDARD = gnu11;
				GCC_DYNAMIC_NO_PIC = NO;
				GCC_NO_COMMON_BLOCKS = YES;
				GCC_OPTIMIZATION_LEVEL = 0;
				GCC_PREPROCESSOR_DEFINITIONS = (
					"DEBUG=1",
					"$(inherited)",
				);
				GCC_WARN_64_TO_32_BIT_CONVERSION = YES;
				GCC_WARN_ABOUT_RETURN_TYPE = YES_ERROR;
				GCC_WARN_UNDECLARED_SELECTOR = YES;
				GCC_WARN_UNINITIALIZED_AUTOS = YES_AGGRESSIVE;
				GCC_WARN_UNUSED_FUNCTION = YES;
				GCC_WARN_UNUSED_VARIABLE = YES;
				MTL_ENABLE_DEBUG_INFO = INCLUDE_SOURCE;
				MTL_FAST_MATH = YES;
				ONLY_ACTIVE_ARCH = YES;
				SWIFT_ACTIVE_COMPILATION_CONDITIONS = DEBUG;
				SWIFT_OPTIMIZATION_LEVEL = "-Onone";
			};
			name = Debug;
		};
		512E162A291F10AC008094A9 /* Release */ = {
			isa = XCBuildConfiguration;
			buildSettings = {
				ALWAYS_SEARCH_USER_PATHS = NO;
				CLANG_ANALYZER_NONNULL = YES;
				CLANG_ANALYZER_NUMBER_OBJECT_CONVERSION = YES_AGGRESSIVE;
				CLANG_CXX_LANGUAGE_STANDARD = "gnu++20";
				CLANG_ENABLE_MODULES = YES;
				CLANG_ENABLE_OBJC_ARC = YES;
				CLANG_ENABLE_OBJC_WEAK = YES;
				CLANG_WARN_BLOCK_CAPTURE_AUTORELEASING = YES;
				CLANG_WARN_BOOL_CONVERSION = YES;
				CLANG_WARN_COMMA = YES;
				CLANG_WARN_CONSTANT_CONVERSION = YES;
				CLANG_WARN_DEPRECATED_OBJC_IMPLEMENTATIONS = YES;
				CLANG_WARN_DIRECT_OBJC_ISA_USAGE = YES_ERROR;
				CLANG_WARN_DOCUMENTATION_COMMENTS = YES;
				CLANG_WARN_EMPTY_BODY = YES;
				CLANG_WARN_ENUM_CONVERSION = YES;
				CLANG_WARN_INFINITE_RECURSION = YES;
				CLANG_WARN_INT_CONVERSION = YES;
				CLANG_WARN_NON_LITERAL_NULL_CONVERSION = YES;
				CLANG_WARN_OBJC_IMPLICIT_RETAIN_SELF = YES;
				CLANG_WARN_OBJC_LITERAL_CONVERSION = YES;
				CLANG_WARN_OBJC_ROOT_CLASS = YES_ERROR;
				CLANG_WARN_QUOTED_INCLUDE_IN_FRAMEWORK_HEADER = YES;
				CLANG_WARN_RANGE_LOOP_ANALYSIS = YES;
				CLANG_WARN_STRICT_PROTOTYPES = YES;
				CLANG_WARN_SUSPICIOUS_MOVE = YES;
				CLANG_WARN_UNGUARDED_AVAILABILITY = YES_AGGRESSIVE;
				CLANG_WARN_UNREACHABLE_CODE = YES;
				CLANG_WARN__DUPLICATE_METHOD_MATCH = YES;
				COPY_PHASE_STRIP = NO;
				DEBUG_INFORMATION_FORMAT = "dwarf-with-dsym";
				ENABLE_NS_ASSERTIONS = NO;
				ENABLE_STRICT_OBJC_MSGSEND = YES;
				GCC_C_LANGUAGE_STANDARD = gnu11;
				GCC_NO_COMMON_BLOCKS = YES;
				GCC_WARN_64_TO_32_BIT_CONVERSION = YES;
				GCC_WARN_ABOUT_RETURN_TYPE = YES_ERROR;
				GCC_WARN_UNDECLARED_SELECTOR = YES;
				GCC_WARN_UNINITIALIZED_AUTOS = YES_AGGRESSIVE;
				GCC_WARN_UNUSED_FUNCTION = YES;
				GCC_WARN_UNUSED_VARIABLE = YES;
				MTL_ENABLE_DEBUG_INFO = NO;
				MTL_FAST_MATH = YES;
				SWIFT_COMPILATION_MODE = wholemodule;
				SWIFT_OPTIMIZATION_LEVEL = "-O";
			};
			name = Release;
		};
		512E162C291F10AC008094A9 /* Debug */ = {
			isa = XCBuildConfiguration;
			buildSettings = {
				ASSETCATALOG_COMPILER_APPICON_NAME = AppIcon;
				ASSETCATALOG_COMPILER_GLOBAL_ACCENT_COLOR_NAME = AccentColor;
				ASSETCATALOG_COMPILER_INCLUDE_ALL_APPICON_ASSETS = NO;
				CODE_SIGN_ENTITLEMENTS = WheresMo/WheresMo.entitlements;
				CODE_SIGN_STYLE = Automatic;
				CURRENT_PROJECT_VERSION = 1;
				DEVELOPMENT_ASSET_PATHS = "\"WheresMo/Preview Content\"";
				ENABLE_PREVIEWS = YES;
				GENERATE_INFOPLIST_FILE = YES;
				INFOPLIST_FILE = WheresMo/Info.plist;
				INFOPLIST_KEY_NSLocationWhenInUseUsageDescription = "View Mo locations near you.";
				INFOPLIST_KEY_NSPhotoLibraryUsageDescription = "You must allow access to photos to place a Mo location.";
				"INFOPLIST_KEY_UIApplicationSceneManifest_Generation[sdk=iphoneos*]" = YES;
				"INFOPLIST_KEY_UIApplicationSceneManifest_Generation[sdk=iphonesimulator*]" = YES;
				"INFOPLIST_KEY_UIApplicationSupportsIndirectInputEvents[sdk=iphoneos*]" = YES;
				"INFOPLIST_KEY_UIApplicationSupportsIndirectInputEvents[sdk=iphonesimulator*]" = YES;
				"INFOPLIST_KEY_UILaunchScreen_Generation[sdk=iphoneos*]" = YES;
				"INFOPLIST_KEY_UILaunchScreen_Generation[sdk=iphonesimulator*]" = YES;
				"INFOPLIST_KEY_UIStatusBarStyle[sdk=iphoneos*]" = UIStatusBarStyleDefault;
				"INFOPLIST_KEY_UIStatusBarStyle[sdk=iphonesimulator*]" = UIStatusBarStyleDefault;
				INFOPLIST_KEY_UISupportedInterfaceOrientations_iPad = "UIInterfaceOrientationPortrait UIInterfaceOrientationPortraitUpsideDown UIInterfaceOrientationLandscapeLeft UIInterfaceOrientationLandscapeRight";
				INFOPLIST_KEY_UISupportedInterfaceOrientations_iPhone = UIInterfaceOrientationPortrait;
				IPHONEOS_DEPLOYMENT_TARGET = 16.1;
				LD_RUNPATH_SEARCH_PATHS = "@executable_path/Frameworks";
				"LD_RUNPATH_SEARCH_PATHS[sdk=macosx*]" = "@executable_path/../Frameworks";
				MACOSX_DEPLOYMENT_TARGET = 13.0;
				MARKETING_VERSION = 1.0;
				PRODUCT_BUNDLE_IDENTIFIER = com.npbassett.WheresMo;
				PRODUCT_NAME = "$(TARGET_NAME)";
				SDKROOT = auto;
				SUPPORTED_PLATFORMS = "iphoneos iphonesimulator macosx";
				SWIFT_EMIT_LOC_STRINGS = YES;
				SWIFT_VERSION = 5.0;
				TARGETED_DEVICE_FAMILY = "1,2";
			};
			name = Debug;
		};
		512E162D291F10AC008094A9 /* Release */ = {
			isa = XCBuildConfiguration;
			buildSettings = {
				ASSETCATALOG_COMPILER_APPICON_NAME = AppIcon;
				ASSETCATALOG_COMPILER_GLOBAL_ACCENT_COLOR_NAME = AccentColor;
				ASSETCATALOG_COMPILER_INCLUDE_ALL_APPICON_ASSETS = NO;
				CODE_SIGN_ENTITLEMENTS = WheresMo/WheresMo.entitlements;
				CODE_SIGN_STYLE = Automatic;
				CURRENT_PROJECT_VERSION = 1;
				DEVELOPMENT_ASSET_PATHS = "\"WheresMo/Preview Content\"";
				ENABLE_PREVIEWS = YES;
				GENERATE_INFOPLIST_FILE = YES;
				INFOPLIST_FILE = WheresMo/Info.plist;
				INFOPLIST_KEY_NSLocationWhenInUseUsageDescription = "View Mo locations near you.";
				INFOPLIST_KEY_NSPhotoLibraryUsageDescription = "You must allow access to photos to place a Mo location.";
				"INFOPLIST_KEY_UIApplicationSceneManifest_Generation[sdk=iphoneos*]" = YES;
				"INFOPLIST_KEY_UIApplicationSceneManifest_Generation[sdk=iphonesimulator*]" = YES;
				"INFOPLIST_KEY_UIApplicationSupportsIndirectInputEvents[sdk=iphoneos*]" = YES;
				"INFOPLIST_KEY_UIApplicationSupportsIndirectInputEvents[sdk=iphonesimulator*]" = YES;
				"INFOPLIST_KEY_UILaunchScreen_Generation[sdk=iphoneos*]" = YES;
				"INFOPLIST_KEY_UILaunchScreen_Generation[sdk=iphonesimulator*]" = YES;
				"INFOPLIST_KEY_UIStatusBarStyle[sdk=iphoneos*]" = UIStatusBarStyleDefault;
				"INFOPLIST_KEY_UIStatusBarStyle[sdk=iphonesimulator*]" = UIStatusBarStyleDefault;
				INFOPLIST_KEY_UISupportedInterfaceOrientations_iPad = "UIInterfaceOrientationPortrait UIInterfaceOrientationPortraitUpsideDown UIInterfaceOrientationLandscapeLeft UIInterfaceOrientationLandscapeRight";
				INFOPLIST_KEY_UISupportedInterfaceOrientations_iPhone = UIInterfaceOrientationPortrait;
				IPHONEOS_DEPLOYMENT_TARGET = 16.1;
				LD_RUNPATH_SEARCH_PATHS = "@executable_path/Frameworks";
				"LD_RUNPATH_SEARCH_PATHS[sdk=macosx*]" = "@executable_path/../Frameworks";
				MACOSX_DEPLOYMENT_TARGET = 13.0;
				MARKETING_VERSION = 1.0;
				PRODUCT_BUNDLE_IDENTIFIER = com.npbassett.WheresMo;
				PRODUCT_NAME = "$(TARGET_NAME)";
				SDKROOT = auto;
				SUPPORTED_PLATFORMS = "iphoneos iphonesimulator macosx";
				SWIFT_EMIT_LOC_STRINGS = YES;
				SWIFT_VERSION = 5.0;
				TARGETED_DEVICE_FAMILY = "1,2";
			};
			name = Release;
		};
/* End XCBuildConfiguration section */

/* Begin XCConfigurationList section */
		512E1617291F10AB008094A9 /* Build configuration list for PBXProject "WheresMo" */ = {
			isa = XCConfigurationList;
			buildConfigurations = (
				512E1629291F10AC008094A9 /* Debug */,
				512E162A291F10AC008094A9 /* Release */,
			);
			defaultConfigurationIsVisible = 0;
			defaultConfigurationName = Release;
		};
		512E162B291F10AC008094A9 /* Build configuration list for PBXNativeTarget "WheresMo" */ = {
			isa = XCConfigurationList;
			buildConfigurations = (
				512E162C291F10AC008094A9 /* Debug */,
				512E162D291F10AC008094A9 /* Release */,
			);
			defaultConfigurationIsVisible = 0;
			defaultConfigurationName = Release;
		};
/* End XCConfigurationList section */

/* Begin XCRemoteSwiftPackageReference section */
		512E16482922D534008094A9 /* XCRemoteSwiftPackageReference "firebase-ios-sdk" */ = {
			isa = XCRemoteSwiftPackageReference;
			repositoryURL = "https://github.com/firebase/firebase-ios-sdk.git";
			requirement = {
				kind = upToNextMajorVersion;
				minimumVersion = 9.0.0;
			};
		};
		51633C0629425A96005B23C4 /* XCRemoteSwiftPackageReference "Kingfisher" */ = {
			isa = XCRemoteSwiftPackageReference;
			repositoryURL = "https://github.com/onevcat/Kingfisher.git";
			requirement = {
				kind = upToNextMajorVersion;
				minimumVersion = 7.0.0;
			};
		};
/* End XCRemoteSwiftPackageReference section */

/* Begin XCSwiftPackageProductDependency section */
		512E16492922D534008094A9 /* FirebaseAuth */ = {
			isa = XCSwiftPackageProductDependency;
			package = 512E16482922D534008094A9 /* XCRemoteSwiftPackageReference "firebase-ios-sdk" */;
			productName = FirebaseAuth;
		};
		512E164B2922D534008094A9 /* FirebaseFirestore */ = {
			isa = XCSwiftPackageProductDependency;
			package = 512E16482922D534008094A9 /* XCRemoteSwiftPackageReference "firebase-ios-sdk" */;
			productName = FirebaseFirestore;
		};
		512E16502922D6D7008094A9 /* FirebaseAnalytics */ = {
			isa = XCSwiftPackageProductDependency;
			package = 512E16482922D534008094A9 /* XCRemoteSwiftPackageReference "firebase-ios-sdk" */;
			productName = FirebaseAnalytics;
		};
		51633C0729425A96005B23C4 /* Kingfisher */ = {
			isa = XCSwiftPackageProductDependency;
			package = 51633C0629425A96005B23C4 /* XCRemoteSwiftPackageReference "Kingfisher" */;
			productName = Kingfisher;
		};
		51EFECA0292C6FD800A83A30 /* FirebaseStorage */ = {
			isa = XCSwiftPackageProductDependency;
			package = 512E16482922D534008094A9 /* XCRemoteSwiftPackageReference "firebase-ios-sdk" */;
			productName = FirebaseStorage;
		};
/* End XCSwiftPackageProductDependency section */
	};
	rootObject = 512E1614291F10AB008094A9 /* Project object */;
}
